
Microsoft Visual Studio Solution File, Format Version 12.00
# Visual Studio Version 17
VisualStudioVersion = 17.5.001.0
MinimumVisualStudioVersion = 10.0.40219.1
Project("{9A19103F-16F7-4668-BE54-9A1E7A4F7556}") = "Haikai", "Haikai.csproj", "{F16FE9F8-1760-4E01-8CF3-06D097F6046B}"
EndProject
Global
	GlobalSection(SolutionConfigurationPlatforms) = preSolution
		Debug|Any CPU = Debug|Any CPU
		Release|Any CPU = Release|Any CPU
	EndGlobalSection
	GlobalSection(ProjectConfigurationPlatforms) = postSolution
		{F16FE9F8-1760-4E01-8CF3-06D097F6046B}.Debug|Any CPU.ActiveCfg = Debug|Any CPU
		{F16FE9F8-1760-4E01-8CF3-06D097F6046B}.Debug|Any CPU.Build.0 = Debug|Any CPU
		{F16FE9F8-1760-4E01-8CF3-06D097F6046B}.Release|Any CPU.ActiveCfg = Release|Any CPU
		{F16FE9F8-1760-4E01-8CF3-06D097F6046B}.Release|Any CPU.Build.0 = Release|Any CPU
	EndGlobalSection
	GlobalSection(SolutionProperties) = preSolution
		HideSolutionNode = FALSE
	EndGlobalSection
	GlobalSection(ExtensibilityGlobals) = postSolution
		SolutionGuid = {EB62DFB8-9B40-418C-AB0E-C45BBB9268FC}
	EndGlobalSection
EndGlobal
